
Microsoft Visual Studio Solution File, Format Version 12.00
# Visual Studio Version 16
VisualStudioVersion = 16.0.30114.105
MinimumVisualStudioVersion = 10.0.40219.1
Project("{FAE04EC0-301F-11D3-BF4B-00C04F79EFBC}") = "ExplogineMonoGame", "ExplogineMonoGame\ExplogineMonoGame.csproj", "{6D0968C8-F3BA-4F76-8BDD-144214809ADB}"
EndProject
Project("{FAE04EC0-301F-11D3-BF4B-00C04F79EFBC}") = "ExplogineDesktop", "ExplogineDesktop\ExplogineDesktop.csproj", "{0C16EB35-2701-4D0D-B33C-2CCEE9E5AAF9}"
EndProject
Project("{FAE04EC0-301F-11D3-BF4B-00C04F79EFBC}") = "SampleGame", "SampleGame\SampleGame.csproj", "{C545AE5F-FDEB-4B19-8277-5FAFE2804A0F}"
EndProject
Project("{D954291E-2A0B-460D-934E-DC6B0785DB48}") = "Assets", "Assets\Assets.shproj", "{A0CDBD0E-3A41-42B7-9425-A838BC2C7383}"
EndProject
Project("{FAE04EC0-301F-11D3-BF4B-00C04F79EFBC}") = "ExplogineCoreTests", "ExplogineCoreTests\ExplogineCoreTests.csproj", "{A9011C57-EBE3-4578-A642-41B5C8E3828A}"
EndProject
Project("{FAE04EC0-301F-11D3-BF4B-00C04F79EFBC}") = "ExplogineCore", "ExplogineCore\ExplogineCore.csproj", "{DF89D799-8E2D-4EB0-9CA6-F6FB559E6E62}"
EndProject
Project("{FAE04EC0-301F-11D3-BF4B-00C04F79EFBC}") = "AssetBuilder", "AssetBuilder\AssetBuilder.csproj", "{D024C494-49EA-424E-8173-803684F1DB37}"
EndProject
Project("{FAE04EC0-301F-11D3-BF4B-00C04F79EFBC}") = "ExTween", "ExTween\ExTween\ExTween.csproj", "{9F42D3E4-3176-47DF-91A6-410C97E87756}"
EndProject
Project("{FAE04EC0-301F-11D3-BF4B-00C04F79EFBC}") = "ExTweenMonoGame", "ExTween\ExTweenMonoGame\ExTweenMonoGame.csproj", "{47E68A34-65D7-41AF-BC21-83FFB2B9CE9A}"
EndProject
Project("{FAE04EC0-301F-11D3-BF4B-00C04F79EFBC}") = "TestExTween", "ExTween\TestExTween\TestExTween.csproj", "{AC5D6C67-7E3D-4EEA-AEE6-F374D8C66BB8}"
EndProject
Global
	GlobalSection(SolutionConfigurationPlatforms) = preSolution
		Debug|Any CPU = Debug|Any CPU
		Release|Any CPU = Release|Any CPU
	EndGlobalSection
	GlobalSection(SolutionProperties) = preSolution
		HideSolutionNode = FALSE
	EndGlobalSection
	GlobalSection(ProjectConfigurationPlatforms) = postSolution
		{6D0968C8-F3BA-4F76-8BDD-144214809ADB}.Debug|Any CPU.ActiveCfg = Debug|Any CPU
		{6D0968C8-F3BA-4F76-8BDD-144214809ADB}.Debug|Any CPU.Build.0 = Debug|Any CPU
		{6D0968C8-F3BA-4F76-8BDD-144214809ADB}.Release|Any CPU.ActiveCfg = Release|Any CPU
		{6D0968C8-F3BA-4F76-8BDD-144214809ADB}.Release|Any CPU.Build.0 = Release|Any CPU
		{0C16EB35-2701-4D0D-B33C-2CCEE9E5AAF9}.Debug|Any CPU.ActiveCfg = Debug|Any CPU
		{0C16EB35-2701-4D0D-B33C-2CCEE9E5AAF9}.Debug|Any CPU.Build.0 = Debug|Any CPU
		{0C16EB35-2701-4D0D-B33C-2CCEE9E5AAF9}.Release|Any CPU.ActiveCfg = Release|Any CPU
		{0C16EB35-2701-4D0D-B33C-2CCEE9E5AAF9}.Release|Any CPU.Build.0 = Release|Any CPU
		{C545AE5F-FDEB-4B19-8277-5FAFE2804A0F}.Debug|Any CPU.ActiveCfg = Debug|Any CPU
		{C545AE5F-FDEB-4B19-8277-5FAFE2804A0F}.Debug|Any CPU.Build.0 = Debug|Any CPU
		{C545AE5F-FDEB-4B19-8277-5FAFE2804A0F}.Release|Any CPU.ActiveCfg = Release|Any CPU
		{C545AE5F-FDEB-4B19-8277-5FAFE2804A0F}.Release|Any CPU.Build.0 = Release|Any CPU
		{A9011C57-EBE3-4578-A642-41B5C8E3828A}.Debug|Any CPU.ActiveCfg = Debug|Any CPU
		{A9011C57-EBE3-4578-A642-41B5C8E3828A}.Debug|Any CPU.Build.0 = Debug|Any CPU
		{A9011C57-EBE3-4578-A642-41B5C8E3828A}.Release|Any CPU.ActiveCfg = Release|Any CPU
		{A9011C57-EBE3-4578-A642-41B5C8E3828A}.Release|Any CPU.Build.0 = Release|Any CPU
		{DF89D799-8E2D-4EB0-9CA6-F6FB559E6E62}.Debug|Any CPU.ActiveCfg = Debug|Any CPU
		{DF89D799-8E2D-4EB0-9CA6-F6FB559E6E62}.Debug|Any CPU.Build.0 = Debug|Any CPU
		{DF89D799-8E2D-4EB0-9CA6-F6FB559E6E62}.Release|Any CPU.ActiveCfg = Release|Any CPU
		{DF89D799-8E2D-4EB0-9CA6-F6FB559E6E62}.Release|Any CPU.Build.0 = Release|Any CPU
		{D024C494-49EA-424E-8173-803684F1DB37}.Debug|Any CPU.ActiveCfg = Debug|Any CPU
		{D024C494-49EA-424E-8173-803684F1DB37}.Debug|Any CPU.Build.0 = Debug|Any CPU
		{D024C494-49EA-424E-8173-803684F1DB37}.Release|Any CPU.ActiveCfg = Release|Any CPU
		{D024C494-49EA-424E-8173-803684F1DB37}.Release|Any CPU.Build.0 = Release|Any CPU
		{9F42D3E4-3176-47DF-91A6-410C97E87756}.Debug|Any CPU.ActiveCfg = Debug|Any CPU
		{9F42D3E4-3176-47DF-91A6-410C97E87756}.Debug|Any CPU.Build.0 = Debug|Any CPU
		{9F42D3E4-3176-47DF-91A6-410C97E87756}.Release|Any CPU.ActiveCfg = Release|Any CPU
		{9F42D3E4-3176-47DF-91A6-410C97E87756}.Release|Any CPU.Build.0 = Release|Any CPU
		{47E68A34-65D7-41AF-BC21-83FFB2B9CE9A}.Debug|Any CPU.ActiveCfg = Debug|Any CPU
		{47E68A34-65D7-41AF-BC21-83FFB2B9CE9A}.Debug|Any CPU.Build.0 = Debug|Any CPU
		{47E68A34-65D7-41AF-BC21-83FFB2B9CE9A}.Release|Any CPU.ActiveCfg = Release|Any CPU
		{47E68A34-65D7-41AF-BC21-83FFB2B9CE9A}.Release|Any CPU.Build.0 = Release|Any CPU
		{AC5D6C67-7E3D-4EEA-AEE6-F374D8C66BB8}.Debug|Any CPU.ActiveCfg = Debug|Any CPU
		{AC5D6C67-7E3D-4EEA-AEE6-F374D8C66BB8}.Debug|Any CPU.Build.0 = Debug|Any CPU
		{AC5D6C67-7E3D-4EEA-AEE6-F374D8C66BB8}.Release|Any CPU.ActiveCfg = Release|Any CPU
		{AC5D6C67-7E3D-4EEA-AEE6-F374D8C66BB8}.Release|Any CPU.Build.0 = Release|Any CPU
	EndGlobalSection
EndGlobal
